
Microsoft Visual Studio Solution File, Format Version 12.00
# Visual Studio 2012
Project("{FAE04EC0-301F-11D3-BF4B-00C04F79EFBC}") = "EnvioMailing", "EnvioMailing\EnvioMailing.csproj", "{3908639F-40E0-4E66-9562-35FC298D779E}"
EndProject
Project("{FAE04EC0-301F-11D3-BF4B-00C04F79EFBC}") = "LimpaImagens", "..\LimpaImagens\LimpaImagens\LimpaImagens.csproj", "{90FE662C-2E94-4BF1-BA71-147E6CC222F5}"
EndProject
Global
	GlobalSection(SolutionConfigurationPlatforms) = preSolution
		Debug|Any CPU = Debug|Any CPU
		Release|Any CPU = Release|Any CPU
	EndGlobalSection
	GlobalSection(ProjectConfigurationPlatforms) = postSolution
		{3908639F-40E0-4E66-9562-35FC298D779E}.Debug|Any CPU.ActiveCfg = Debug|Any CPU
		{3908639F-40E0-4E66-9562-35FC298D779E}.Debug|Any CPU.Build.0 = Debug|Any CPU
		{3908639F-40E0-4E66-9562-35FC298D779E}.Release|Any CPU.ActiveCfg = Release|Any CPU
		{3908639F-40E0-4E66-9562-35FC298D779E}.Release|Any CPU.Build.0 = Release|Any CPU
		{90FE662C-2E94-4BF1-BA71-147E6CC222F5}.Debug|Any CPU.ActiveCfg = Debug|Any CPU
		{90FE662C-2E94-4BF1-BA71-147E6CC222F5}.Debug|Any CPU.Build.0 = Debug|Any CPU
		{90FE662C-2E94-4BF1-BA71-147E6CC222F5}.Release|Any CPU.ActiveCfg = Release|Any CPU
		{90FE662C-2E94-4BF1-BA71-147E6CC222F5}.Release|Any CPU.Build.0 = Release|Any CPU
	EndGlobalSection
	GlobalSection(SolutionProperties) = preSolution
		HideSolutionNode = FALSE
	EndGlobalSection
EndGlobal
